
Microsoft Visual Studio Solution File, Format Version 12.00
# Visual Studio Version 16
VisualStudioVersion = 16.0.31410.357
MinimumVisualStudioVersion = 10.0.40219.1
Project("{9A19103F-16F7-4668-BE54-9A1E7A4F7556}") = "IndianStateCensus", "IndianStateCensus\IndianStateCensus.csproj", "{DA67F7F0-9D14-4956-B6BA-24560DF0B9C3}"
EndProject
Project("{FAE04EC0-301F-11D3-BF4B-00C04F79EFBC}") = "UnitTestForCensus", "UnitTestForCensus\UnitTestForCensus.csproj", "{B3389F61-AD43-4221-B2B1-4BF9C50EE9BA}"
EndProject
Global
	GlobalSection(SolutionConfigurationPlatforms) = preSolution
		Debug|Any CPU = Debug|Any CPU
		Release|Any CPU = Release|Any CPU
	EndGlobalSection
	GlobalSection(ProjectConfigurationPlatforms) = postSolution
		{DA67F7F0-9D14-4956-B6BA-24560DF0B9C3}.Debug|Any CPU.ActiveCfg = Debug|Any CPU
		{DA67F7F0-9D14-4956-B6BA-24560DF0B9C3}.Debug|Any CPU.Build.0 = Debug|Any CPU
		{DA67F7F0-9D14-4956-B6BA-24560DF0B9C3}.Release|Any CPU.ActiveCfg = Release|Any CPU
		{DA67F7F0-9D14-4956-B6BA-24560DF0B9C3}.Release|Any CPU.Build.0 = Release|Any CPU
		{B3389F61-AD43-4221-B2B1-4BF9C50EE9BA}.Debug|Any CPU.ActiveCfg = Debug|Any CPU
		{B3389F61-AD43-4221-B2B1-4BF9C50EE9BA}.Debug|Any CPU.Build.0 = Debug|Any CPU
		{B3389F61-AD43-4221-B2B1-4BF9C50EE9BA}.Release|Any CPU.ActiveCfg = Release|Any CPU
		{B3389F61-AD43-4221-B2B1-4BF9C50EE9BA}.Release|Any CPU.Build.0 = Release|Any CPU
	EndGlobalSection
	GlobalSection(SolutionProperties) = preSolution
		HideSolutionNode = FALSE
	EndGlobalSection
	GlobalSection(ExtensibilityGlobals) = postSolution
		SolutionGuid = {59D77B18-2174-4F3A-8CA8-CFA74E443830}
	EndGlobalSection
EndGlobal
